
Microsoft Visual Studio Solution File, Format Version 12.00
# Visual Studio 14
VisualStudioVersion = 14.0.25420.1
MinimumVisualStudioVersion = 10.0.40219.1
Project("{FAE04EC0-301F-11D3-BF4B-00C04F79EFBC}") = "BreezeTypeDefs", "BreezeTypeDefs\BreezeTypeDefs.csproj", "{A8651C54-BDE6-45C7-AA6E-34935E44B6F3}"
EndProject
Project("{FAE04EC0-301F-11D3-BF4B-00C04F79EFBC}") = "BreezeGenerators", "BreezeGenerators\BreezeGenerators.csproj", "{79878989-DEA8-468E-AFDE-0A12901F5FB5}"
EndProject
Project("{FAE04EC0-301F-11D3-BF4B-00C04F79EFBC}") = "BreezeinfoTemplate", "BreezeinfoTemplate\BreezeinfoTemplate.csproj", "{180BD347-7281-4F53-8F2C-796105F7AE1E}"
EndProject
Project("{FAE04EC0-301F-11D3-BF4B-00C04F79EFBC}") = "BreezeInfoWizard", "BreezeInfoWizard\BreezeInfoWizard.csproj", "{8CF3019D-6A09-4E11-B507-31464C8F79E2}"
EndProject
Global
	GlobalSection(SolutionConfigurationPlatforms) = preSolution
		Debug|Any CPU = Debug|Any CPU
		Release|Any CPU = Release|Any CPU
	EndGlobalSection
	GlobalSection(ProjectConfigurationPlatforms) = postSolution
		{A8651C54-BDE6-45C7-AA6E-34935E44B6F3}.Debug|Any CPU.ActiveCfg = Debug|Any CPU
		{A8651C54-BDE6-45C7-AA6E-34935E44B6F3}.Debug|Any CPU.Build.0 = Debug|Any CPU
		{A8651C54-BDE6-45C7-AA6E-34935E44B6F3}.Release|Any CPU.ActiveCfg = Release|Any CPU
		{A8651C54-BDE6-45C7-AA6E-34935E44B6F3}.Release|Any CPU.Build.0 = Release|Any CPU
		{79878989-DEA8-468E-AFDE-0A12901F5FB5}.Debug|Any CPU.ActiveCfg = Debug|Any CPU
		{79878989-DEA8-468E-AFDE-0A12901F5FB5}.Debug|Any CPU.Build.0 = Debug|Any CPU
		{79878989-DEA8-468E-AFDE-0A12901F5FB5}.Release|Any CPU.ActiveCfg = Release|Any CPU
		{79878989-DEA8-468E-AFDE-0A12901F5FB5}.Release|Any CPU.Build.0 = Release|Any CPU
		{180BD347-7281-4F53-8F2C-796105F7AE1E}.Debug|Any CPU.ActiveCfg = Debug|Any CPU
		{180BD347-7281-4F53-8F2C-796105F7AE1E}.Debug|Any CPU.Build.0 = Debug|Any CPU
		{180BD347-7281-4F53-8F2C-796105F7AE1E}.Release|Any CPU.ActiveCfg = Release|Any CPU
		{180BD347-7281-4F53-8F2C-796105F7AE1E}.Release|Any CPU.Build.0 = Release|Any CPU
		{8CF3019D-6A09-4E11-B507-31464C8F79E2}.Debug|Any CPU.ActiveCfg = Debug|Any CPU
		{8CF3019D-6A09-4E11-B507-31464C8F79E2}.Debug|Any CPU.Build.0 = Debug|Any CPU
		{8CF3019D-6A09-4E11-B507-31464C8F79E2}.Release|Any CPU.ActiveCfg = Release|Any CPU
		{8CF3019D-6A09-4E11-B507-31464C8F79E2}.Release|Any CPU.Build.0 = Release|Any CPU
	EndGlobalSection
	GlobalSection(SolutionProperties) = preSolution
		HideSolutionNode = FALSE
	EndGlobalSection
EndGlobal
