
Microsoft Visual Studio Solution File, Format Version 12.00
# Visual Studio 14
VisualStudioVersion = 14.0.25420.1
MinimumVisualStudioVersion = 10.0.40219.1
Project("{FAE04EC0-301F-11D3-BF4B-00C04F79EFBC}") = "BreezeTypeDefs", "BreezeTypeDefs\BreezeTypeDefs.csproj", "{A8651C54-BDE6-45C7-AA6E-34935E44B6F3}"
	ProjectSection(ProjectDependencies) = postProject
		{A958832F-434B-4748-A3BD-99F652951457} = {A958832F-434B-4748-A3BD-99F652951457}
	EndProjectSection
EndProject
Project("{FAE04EC0-301F-11D3-BF4B-00C04F79EFBC}") = "BreezeGenerators", "BreezeGenerators\BreezeGenerators.csproj", "{79878989-DEA8-468E-AFDE-0A12901F5FB5}"
EndProject
Project("{2150E333-8FDC-42A3-9474-1A3956D46DE8}") = "ItemTemplates", "ItemTemplates", "{2943F4CF-D531-4FFA-B11C-A83C2812EB6B}"
EndProject
Project("{FAE04EC0-301F-11D3-BF4B-00C04F79EFBC}") = "TypescriptTemplate", "ItemTemplates\TypescriptTemplate\TypescriptTemplate.csproj", "{0D7F1E59-EC37-406C-B1B7-7D09D6DC66F5}"
EndProject
Project("{FAE04EC0-301F-11D3-BF4B-00C04F79EFBC}") = "JavascriptTemplate", "ItemTemplates\JavascriptTemplate\JavascriptTemplate.csproj", "{BDDAFDAB-A330-4704-9815-740BF2FD43D7}"
EndProject
Project("{FAE04EC0-301F-11D3-BF4B-00C04F79EFBC}") = "NodeTemplate", "ItemTemplates\NodeTemplate\NodeTemplate.csproj", "{A666FE8C-7A95-4AA7-A77B-AD0F3FBB393B}"
EndProject
Project("{FAE04EC0-301F-11D3-BF4B-00C04F79EFBC}") = "TemplateWizard", "ItemTemplates\TemplateWizard\TemplateWizard.csproj", "{A958832F-434B-4748-A3BD-99F652951457}"
EndProject
Global
	GlobalSection(SolutionConfigurationPlatforms) = preSolution
		Debug|Any CPU = Debug|Any CPU
		Release|Any CPU = Release|Any CPU
	EndGlobalSection
	GlobalSection(ProjectConfigurationPlatforms) = postSolution
		{A8651C54-BDE6-45C7-AA6E-34935E44B6F3}.Debug|Any CPU.ActiveCfg = Debug|Any CPU
		{A8651C54-BDE6-45C7-AA6E-34935E44B6F3}.Debug|Any CPU.Build.0 = Debug|Any CPU
		{A8651C54-BDE6-45C7-AA6E-34935E44B6F3}.Release|Any CPU.ActiveCfg = Release|Any CPU
		{A8651C54-BDE6-45C7-AA6E-34935E44B6F3}.Release|Any CPU.Build.0 = Release|Any CPU
		{79878989-DEA8-468E-AFDE-0A12901F5FB5}.Debug|Any CPU.ActiveCfg = Debug|Any CPU
		{79878989-DEA8-468E-AFDE-0A12901F5FB5}.Debug|Any CPU.Build.0 = Debug|Any CPU
		{79878989-DEA8-468E-AFDE-0A12901F5FB5}.Release|Any CPU.ActiveCfg = Release|Any CPU
		{79878989-DEA8-468E-AFDE-0A12901F5FB5}.Release|Any CPU.Build.0 = Release|Any CPU
		{0D7F1E59-EC37-406C-B1B7-7D09D6DC66F5}.Debug|Any CPU.ActiveCfg = Debug|Any CPU
		{0D7F1E59-EC37-406C-B1B7-7D09D6DC66F5}.Debug|Any CPU.Build.0 = Debug|Any CPU
		{0D7F1E59-EC37-406C-B1B7-7D09D6DC66F5}.Release|Any CPU.ActiveCfg = Release|Any CPU
		{0D7F1E59-EC37-406C-B1B7-7D09D6DC66F5}.Release|Any CPU.Build.0 = Release|Any CPU
		{BDDAFDAB-A330-4704-9815-740BF2FD43D7}.Debug|Any CPU.ActiveCfg = Debug|Any CPU
		{BDDAFDAB-A330-4704-9815-740BF2FD43D7}.Debug|Any CPU.Build.0 = Debug|Any CPU
		{BDDAFDAB-A330-4704-9815-740BF2FD43D7}.Release|Any CPU.ActiveCfg = Release|Any CPU
		{BDDAFDAB-A330-4704-9815-740BF2FD43D7}.Release|Any CPU.Build.0 = Release|Any CPU
		{A666FE8C-7A95-4AA7-A77B-AD0F3FBB393B}.Debug|Any CPU.ActiveCfg = Debug|Any CPU
		{A666FE8C-7A95-4AA7-A77B-AD0F3FBB393B}.Debug|Any CPU.Build.0 = Debug|Any CPU
		{A666FE8C-7A95-4AA7-A77B-AD0F3FBB393B}.Release|Any CPU.ActiveCfg = Release|Any CPU
		{A666FE8C-7A95-4AA7-A77B-AD0F3FBB393B}.Release|Any CPU.Build.0 = Release|Any CPU
		{A958832F-434B-4748-A3BD-99F652951457}.Debug|Any CPU.ActiveCfg = Debug|Any CPU
		{A958832F-434B-4748-A3BD-99F652951457}.Debug|Any CPU.Build.0 = Debug|Any CPU
		{A958832F-434B-4748-A3BD-99F652951457}.Release|Any CPU.ActiveCfg = Release|Any CPU
		{A958832F-434B-4748-A3BD-99F652951457}.Release|Any CPU.Build.0 = Release|Any CPU
	EndGlobalSection
	GlobalSection(SolutionProperties) = preSolution
		HideSolutionNode = FALSE
	EndGlobalSection
	GlobalSection(NestedProjects) = preSolution
		{0D7F1E59-EC37-406C-B1B7-7D09D6DC66F5} = {2943F4CF-D531-4FFA-B11C-A83C2812EB6B}
		{BDDAFDAB-A330-4704-9815-740BF2FD43D7} = {2943F4CF-D531-4FFA-B11C-A83C2812EB6B}
		{A666FE8C-7A95-4AA7-A77B-AD0F3FBB393B} = {2943F4CF-D531-4FFA-B11C-A83C2812EB6B}
	EndGlobalSection
EndGlobal
