{
    "name": "breezets-cli",
    "version": "0.2.12",
    "lockfileVersion": 1,
    "requires": true,
    "dependencies": {
        "@types/node": {
            "version": "8.0.20",
            "resolved": "https://registry.npmjs.org/@types/node/-/node-8.0.20.tgz",
            "integrity": "sha512-MnB7YEpmLUyEWRVRhKpRs4swwqITnY8BcVFPoTuCl99SCplI/lLUiU5vcJ/OANDqwkpdIg0pDEM38K22KQT2RA==",
            "dev": true
        },
        "asap": {
            "version": "2.0.6",
            "resolved": "https://registry.npmjs.org/asap/-/asap-2.0.6.tgz",
            "integrity": "sha1-5QNHYR1+aQlDIIu9r+vLwvuGbUY="
        },
        "breeze-client": {
            "version": "1.6.3",
            "resolved": "https://registry.npmjs.org/breeze-client/-/breeze-client-1.6.3.tgz",
            "integrity": "sha1-KWO+a10+cwm+0/zhf/RsLHsbFVw="
        },
        "breezets": {
            "version": "0.2.12",
            "resolved": "https://registry.npmjs.org/breezets/-/breezets-0.2.12.tgz",
            "integrity": "sha512-nQwJMliEuc3gMvB2B6u8A08yZEtT3PA2NlayOHR+JdcYJRpPO5CuI0WgwlfLrTIhyBqF4D9aCyn9p3DP5NOGpA==",
            "requires": {
                "breeze-client": "1.6.3",
                "node-fs": "0.1.7",
                "sync-request": "4.1.0",
                "url": "0.11.0"
            },
            "dependencies": {
                "sync-request": {
                    "version": "4.1.0",
                    "resolved": "https://registry.npmjs.org/sync-request/-/sync-request-4.1.0.tgz",
                    "integrity": "sha512-iFbOBWYaznBNbheIKaMkj+3EabpEsXbuwcTVuYkRjoav+Om5L8VXXLIXms0cHxkouXMRCQaSfhfau9/HyIbM2Q==",
                    "requires": {
                        "command-exists": "1.2.2",
                        "concat-stream": "1.6.0",
                        "get-port": "3.2.0",
                        "http-response-object": "1.1.0",
                        "then-request": "2.2.0"
                    }
                }
            }
        },
        "caseless": {
            "version": "0.11.0",
            "resolved": "https://registry.npmjs.org/caseless/-/caseless-0.11.0.tgz",
            "integrity": "sha1-cVuW6phBWTzDMGeSP17GDr2k99c="
        },
        "command-exists": {
            "version": "1.2.2",
            "resolved": "https://registry.npmjs.org/command-exists/-/command-exists-1.2.2.tgz",
            "integrity": "sha1-EoGcZPr5VEbsCuB/5sr7brNwiyI="
        },
        "commander": {
            "version": "2.9.0",
            "resolved": "https://registry.npmjs.org/commander/-/commander-2.9.0.tgz",
            "integrity": "sha1-nJkJQXbhIkDLItbFFGCYQA/g99Q=",
            "requires": {
                "graceful-readlink": "1.0.1"
            },
            "dependencies": {
                "graceful-readlink": {
                    "version": "1.0.1",
                    "resolved": "https://registry.npmjs.org/graceful-readlink/-/graceful-readlink-1.0.1.tgz",
                    "integrity": "sha1-TK+tdrxi8C+gObL5Tpo906ORpyU="
                }
            }
        },
        "concat-stream": {
            "version": "1.6.0",
            "resolved": "https://registry.npmjs.org/concat-stream/-/concat-stream-1.6.0.tgz",
            "integrity": "sha1-CqxmL9Ur54lk1VMvaUeE5wEQrPc=",
            "requires": {
                "inherits": "2.0.3",
                "readable-stream": "2.3.3",
                "typedarray": "0.0.6"
            }
        },
        "core-util-is": {
            "version": "1.0.2",
            "resolved": "https://registry.npmjs.org/core-util-is/-/core-util-is-1.0.2.tgz",
            "integrity": "sha1-tf1UIgqivFq1eqtxQMlAdUUDwac="
        },
        "get-port": {
            "version": "3.2.0",
            "resolved": "https://registry.npmjs.org/get-port/-/get-port-3.2.0.tgz",
            "integrity": "sha1-3Xzn3hh8Bsi/NTeWrHHgmfCYDrw="
        },
        "http-basic": {
            "version": "2.5.1",
            "resolved": "https://registry.npmjs.org/http-basic/-/http-basic-2.5.1.tgz",
            "integrity": "sha1-jORHvbW2xXf4pj4/p4BW7Eu02/s=",
            "requires": {
                "caseless": "0.11.0",
                "concat-stream": "1.6.0",
                "http-response-object": "1.1.0"
            }
        },
        "http-response-object": {
            "version": "1.1.0",
            "resolved": "https://registry.npmjs.org/http-response-object/-/http-response-object-1.1.0.tgz",
            "integrity": "sha1-p8TnWq6C87tJBOT0P2FWc7TVGMM="
        },
        "inherits": {
            "version": "2.0.3",
            "resolved": "https://registry.npmjs.org/inherits/-/inherits-2.0.3.tgz",
            "integrity": "sha1-Yzwsg+PaQqUC9SRmAiSA9CCCYd4="
        },
        "isarray": {
            "version": "1.0.0",
            "resolved": "https://registry.npmjs.org/isarray/-/isarray-1.0.0.tgz",
            "integrity": "sha1-u5NdSFgsuhaMBoNJV6VKPgcSTxE="
        },
        "node-fs": {
            "version": "0.1.7",
            "resolved": "https://registry.npmjs.org/node-fs/-/node-fs-0.1.7.tgz",
            "integrity": "sha1-MjI8zLRsn78PwRgS1FAhzDHTJbs="
        },
        "process-nextick-args": {
            "version": "1.0.7",
            "resolved": "https://registry.npmjs.org/process-nextick-args/-/process-nextick-args-1.0.7.tgz",
            "integrity": "sha1-FQ4gt1ZZCtP5EJPyWk8q2L/zC6M="
        },
        "promise": {
            "version": "7.3.1",
            "resolved": "https://registry.npmjs.org/promise/-/promise-7.3.1.tgz",
            "integrity": "sha512-nolQXZ/4L+bP/UGlkfaIujX9BKxGwmQ9OT4mOt5yvy8iK1h3wqTEJCijzGANTCCl9nWjY41juyAn2K3Q1hLLTg==",
            "requires": {
                "asap": "2.0.6"
            }
        },
        "qs": {
            "version": "6.5.0",
            "resolved": "https://registry.npmjs.org/qs/-/qs-6.5.0.tgz",
            "integrity": "sha512-fjVFjW9yhqMhVGwRExCXLhJKrLlkYSaxNWdyc9rmHlrVZbk35YHH312dFd7191uQeXkI3mKLZTIbSvIeFwFemg=="
        },
        "readable-stream": {
            "version": "2.3.3",
            "resolved": "https://registry.npmjs.org/readable-stream/-/readable-stream-2.3.3.tgz",
            "integrity": "sha512-m+qzzcn7KUxEmd1gMbchF+Y2eIUbieUaxkWtptyHywrX0rE8QEYqPC07Vuy4Wm32/xE16NcdBctb8S0Xe/5IeQ==",
            "requires": {
                "core-util-is": "1.0.2",
                "inherits": "2.0.3",
                "isarray": "1.0.0",
                "process-nextick-args": "1.0.7",
                "safe-buffer": "5.1.1",
                "string_decoder": "1.0.3",
                "util-deprecate": "1.0.2"
            }
        },
        "safe-buffer": {
            "version": "5.1.1",
            "resolved": "https://registry.npmjs.org/safe-buffer/-/safe-buffer-5.1.1.tgz",
            "integrity": "sha512-kKvNJn6Mm93gAczWVJg7wH+wGYWNrDHdWvpUmHyEsgCtIwwo3bqPtV4tR5tuPaUhTOo/kvhVwd8XwwOllGYkbg=="
        },
        "string_decoder": {
            "version": "1.0.3",
            "resolved": "https://registry.npmjs.org/string_decoder/-/string_decoder-1.0.3.tgz",
            "integrity": "sha512-4AH6Z5fzNNBcH+6XDMfA/BTt87skxqJlO0lAh3Dker5zThcAxG6mKz+iGu308UKoPPQ8Dcqx/4JhujzltRa+hQ==",
            "requires": {
                "safe-buffer": "5.1.1"
            }
        },
        "sync-request": {
            "version": "3.0.1",
            "resolved": "https://registry.npmjs.org/sync-request/-/sync-request-3.0.1.tgz",
            "integrity": "sha1-yqEjWq+Im6UBB2oYNMQ2gwqC+3M=",
            "requires": {
                "concat-stream": "1.5.1",
                "http-response-object": "1.1.0",
                "then-request": "2.2.0"
            },
            "dependencies": {
                "concat-stream": {
                    "version": "1.5.1",
                    "resolved": "https://registry.npmjs.org/concat-stream/-/concat-stream-1.5.1.tgz",
                    "integrity": "sha1-87gKz54fSOOHXAaItBtsMWAu6hw=",
                    "requires": {
                        "inherits": "2.0.1",
                        "readable-stream": "2.0.6",
                        "typedarray": "0.0.6"
                    },
                    "dependencies": {
                        "inherits": {
                            "version": "2.0.1",
                            "resolved": "https://registry.npmjs.org/inherits/-/inherits-2.0.1.tgz",
                            "integrity": "sha1-sX0I0ya0Qj5Wjv9xn5GwscvfafE="
                        },
                        "readable-stream": {
                            "version": "2.0.6",
                            "resolved": "https://registry.npmjs.org/readable-stream/-/readable-stream-2.0.6.tgz",
                            "integrity": "sha1-j5A0HmilPMySh4jaz80Rs265t44=",
                            "requires": {
                                "core-util-is": "1.0.2",
                                "inherits": "2.0.1",
                                "isarray": "1.0.0",
                                "process-nextick-args": "1.0.7",
                                "string_decoder": "0.10.31",
                                "util-deprecate": "1.0.2"
                            },
                            "dependencies": {
                                "core-util-is": {
                                    "version": "1.0.2",
                                    "resolved": "https://registry.npmjs.org/core-util-is/-/core-util-is-1.0.2.tgz",
                                    "integrity": "sha1-tf1UIgqivFq1eqtxQMlAdUUDwac="
                                },
                                "isarray": {
                                    "version": "1.0.0",
                                    "resolved": "https://registry.npmjs.org/isarray/-/isarray-1.0.0.tgz",
                                    "integrity": "sha1-u5NdSFgsuhaMBoNJV6VKPgcSTxE="
                                },
                                "process-nextick-args": {
                                    "version": "1.0.7",
                                    "resolved": "https://registry.npmjs.org/process-nextick-args/-/process-nextick-args-1.0.7.tgz",
                                    "integrity": "sha1-FQ4gt1ZZCtP5EJPyWk8q2L/zC6M="
                                },
                                "string_decoder": {
                                    "version": "0.10.31",
                                    "resolved": "https://registry.npmjs.org/string_decoder/-/string_decoder-0.10.31.tgz",
                                    "integrity": "sha1-YuIDvEF2bGwoyfyEMB2rHFMQ+pQ="
                                },
                                "util-deprecate": {
                                    "version": "1.0.2",
                                    "resolved": "https://registry.npmjs.org/util-deprecate/-/util-deprecate-1.0.2.tgz",
                                    "integrity": "sha1-RQ1Nyfpw3nMnYvvS1KKJgUGaDM8="
                                }
                            }
                        },
                        "typedarray": {
                            "version": "0.0.6",
                            "resolved": "https://registry.npmjs.org/typedarray/-/typedarray-0.0.6.tgz",
                            "integrity": "sha1-hnrHTjhkGHsdPUfZlqeOxciDB3c="
                        }
                    }
                },
                "http-response-object": {
                    "version": "1.1.0",
                    "resolved": "https://registry.npmjs.org/http-response-object/-/http-response-object-1.1.0.tgz",
                    "integrity": "sha1-p8TnWq6C87tJBOT0P2FWc7TVGMM="
                },
                "qs": {
                    "version": "6.2.1",
                    "resolved": "https://registry.npmjs.org/qs/-/qs-6.2.1.tgz",
                    "integrity": "sha512-8yYCrxot1tgWocouWKNcewB8VdWuFe1Ab4GU38bg1gGNutR9bMMHaJgxDS5BGRVSLnyRrFhfJ8f04Er/kRmbLg=="
                },
                "then-request": {
                    "version": "2.2.0",
                    "resolved": "https://registry.npmjs.org/then-request/-/then-request-2.2.0.tgz",
                    "integrity": "sha1-ZnizL6DKIY/laZgbvYhxtZQGDYE=",
                    "requires": {
                        "caseless": "0.11.0",
                        "concat-stream": "1.5.1",
                        "http-basic": "2.5.1",
                        "http-response-object": "1.1.0",
                        "promise": "7.1.1",
                        "qs": "6.2.1"
                    },
                    "dependencies": {
                        "caseless": {
                            "version": "0.11.0",
                            "resolved": "https://registry.npmjs.org/caseless/-/caseless-0.11.0.tgz",
                            "integrity": "sha1-cVuW6phBWTzDMGeSP17GDr2k99c="
                        },
                        "http-basic": {
                            "version": "2.5.1",
                            "resolved": "https://registry.npmjs.org/http-basic/-/http-basic-2.5.1.tgz",
                            "integrity": "sha1-jORHvbW2xXf4pj4/p4BW7Eu02/s=",
                            "requires": {
                                "caseless": "0.11.0",
                                "concat-stream": "1.5.1",
                                "http-response-object": "1.1.0"
                            }
                        },
                        "promise": {
                            "version": "7.1.1",
                            "resolved": "https://registry.npmjs.org/promise/-/promise-7.1.1.tgz",
                            "integrity": "sha1-SJZUxpJha4qlWwck+oCbt9tJxb8=",
                            "requires": {
                                "asap": "2.0.4"
                            },
                            "dependencies": {
                                "asap": {
                                    "version": "2.0.4",
                                    "resolved": "https://registry.npmjs.org/asap/-/asap-2.0.4.tgz",
                                    "integrity": "sha1-s5G/f2v7xlcGAi/sj0nEsH/s9Yk="
                                }
                            }
                        }
                    }
                }
            }
        },
        "then-request": {
            "version": "2.2.0",
            "resolved": "https://registry.npmjs.org/then-request/-/then-request-2.2.0.tgz",
            "integrity": "sha1-ZnizL6DKIY/laZgbvYhxtZQGDYE=",
            "requires": {
                "caseless": "0.11.0",
                "concat-stream": "1.6.0",
                "http-basic": "2.5.1",
                "http-response-object": "1.1.0",
                "promise": "7.3.1",
                "qs": "6.5.0"
            }
        },
        "typedarray": {
            "version": "0.0.6",
            "resolved": "https://registry.npmjs.org/typedarray/-/typedarray-0.0.6.tgz",
            "integrity": "sha1-hnrHTjhkGHsdPUfZlqeOxciDB3c="
        },
        "url": {
            "version": "0.11.0",
            "resolved": "https://registry.npmjs.org/url/-/url-0.11.0.tgz",
            "integrity": "sha1-ODjpfPxgUh63PFJajlW/3Z4uKPE=",
            "requires": {
                "punycode": "1.3.2",
                "querystring": "0.2.0"
            },
            "dependencies": {
                "punycode": {
                    "version": "1.3.2",
                    "resolved": "https://registry.npmjs.org/punycode/-/punycode-1.3.2.tgz",
                    "integrity": "sha1-llOgNvt8HuQjQvIyXM7v6jkmxI0="
                },
                "querystring": {
                    "version": "0.2.0",
                    "resolved": "https://registry.npmjs.org/querystring/-/querystring-0.2.0.tgz",
                    "integrity": "sha1-sgmEkgO7Jd+CDadW50cAWHhSFiA="
                }
            }
        },
        "util-deprecate": {
            "version": "1.0.2",
            "resolved": "https://registry.npmjs.org/util-deprecate/-/util-deprecate-1.0.2.tgz",
            "integrity": "sha1-RQ1Nyfpw3nMnYvvS1KKJgUGaDM8="
        }
    }
}
